
Microsoft Visual Studio Solution File, Format Version 12.00
# Visual Studio 14
VisualStudioVersion = 14.0.23107.0
MinimumVisualStudioVersion = 10.0.40219.1
Project("{FAE04EC0-301F-11D3-BF4B-00C04F79EFBC}") = "SportsFestivalManager", "SportsFestivalManager\SportsFestivalManager.csproj", "{43A72476-947C-4B26-98EB-A3DFA7E2D950}"
EndProject
Project("{FAE04EC0-301F-11D3-BF4B-00C04F79EFBC}") = "SportsFestivalManager.Data", "SportsFestivalManager.Data\SportsFestivalManager.Data.csproj", "{62F9FCC2-6498-4A94-AE6C-2DF4F25DE0F9}"
EndProject
Project("{FAE04EC0-301F-11D3-BF4B-00C04F79EFBC}") = "DatabaseTests", "DatabaseTests\DatabaseTests.csproj", "{CB922F16-2C9E-422B-8619-5BE66784D7EF}"
EndProject
Project("{FAE04EC0-301F-11D3-BF4B-00C04F79EFBC}") = "SportsFestivalManager.Wpf", "SportsFestivalManager.Wpf\SportsFestivalManager.Wpf.csproj", "{7162F7F2-16C5-4778-B2F5-49C2786366E5}"
EndProject
Project("{FAE04EC0-301F-11D3-BF4B-00C04F79EFBC}") = "WpfTest_Malte", "WpfTest_Malte\WpfTest_Malte.csproj", "{FB186554-18F6-46C6-9427-67A0A67E56C3}"
EndProject
Project("{FAE04EC0-301F-11D3-BF4B-00C04F79EFBC}") = "WpfTest_Andre", "WpfTest_Andre\WpfTest_Andre.csproj", "{CFDEFAD2-3402-4C33-A458-AFD1539AE19F}"
EndProject
Global
	GlobalSection(SolutionConfigurationPlatforms) = preSolution
		Debug|Any CPU = Debug|Any CPU
		Release|Any CPU = Release|Any CPU
	EndGlobalSection
	GlobalSection(ProjectConfigurationPlatforms) = postSolution
		{43A72476-947C-4B26-98EB-A3DFA7E2D950}.Debug|Any CPU.ActiveCfg = Debug|Any CPU
		{43A72476-947C-4B26-98EB-A3DFA7E2D950}.Debug|Any CPU.Build.0 = Debug|Any CPU
		{43A72476-947C-4B26-98EB-A3DFA7E2D950}.Release|Any CPU.ActiveCfg = Release|Any CPU
		{43A72476-947C-4B26-98EB-A3DFA7E2D950}.Release|Any CPU.Build.0 = Release|Any CPU
		{62F9FCC2-6498-4A94-AE6C-2DF4F25DE0F9}.Debug|Any CPU.ActiveCfg = Debug|Any CPU
		{62F9FCC2-6498-4A94-AE6C-2DF4F25DE0F9}.Debug|Any CPU.Build.0 = Debug|Any CPU
		{62F9FCC2-6498-4A94-AE6C-2DF4F25DE0F9}.Release|Any CPU.ActiveCfg = Release|Any CPU
		{62F9FCC2-6498-4A94-AE6C-2DF4F25DE0F9}.Release|Any CPU.Build.0 = Release|Any CPU
		{CB922F16-2C9E-422B-8619-5BE66784D7EF}.Debug|Any CPU.ActiveCfg = Debug|Any CPU
		{CB922F16-2C9E-422B-8619-5BE66784D7EF}.Debug|Any CPU.Build.0 = Debug|Any CPU
		{CB922F16-2C9E-422B-8619-5BE66784D7EF}.Release|Any CPU.ActiveCfg = Release|Any CPU
		{CB922F16-2C9E-422B-8619-5BE66784D7EF}.Release|Any CPU.Build.0 = Release|Any CPU
		{7162F7F2-16C5-4778-B2F5-49C2786366E5}.Debug|Any CPU.ActiveCfg = Debug|Any CPU
		{7162F7F2-16C5-4778-B2F5-49C2786366E5}.Debug|Any CPU.Build.0 = Debug|Any CPU
		{7162F7F2-16C5-4778-B2F5-49C2786366E5}.Release|Any CPU.ActiveCfg = Release|Any CPU
		{7162F7F2-16C5-4778-B2F5-49C2786366E5}.Release|Any CPU.Build.0 = Release|Any CPU
		{FB186554-18F6-46C6-9427-67A0A67E56C3}.Debug|Any CPU.ActiveCfg = Debug|Any CPU
		{FB186554-18F6-46C6-9427-67A0A67E56C3}.Debug|Any CPU.Build.0 = Debug|Any CPU
		{FB186554-18F6-46C6-9427-67A0A67E56C3}.Release|Any CPU.ActiveCfg = Release|Any CPU
		{FB186554-18F6-46C6-9427-67A0A67E56C3}.Release|Any CPU.Build.0 = Release|Any CPU
		{CFDEFAD2-3402-4C33-A458-AFD1539AE19F}.Debug|Any CPU.ActiveCfg = Debug|Any CPU
		{CFDEFAD2-3402-4C33-A458-AFD1539AE19F}.Debug|Any CPU.Build.0 = Debug|Any CPU
		{CFDEFAD2-3402-4C33-A458-AFD1539AE19F}.Release|Any CPU.ActiveCfg = Release|Any CPU
		{CFDEFAD2-3402-4C33-A458-AFD1539AE19F}.Release|Any CPU.Build.0 = Release|Any CPU
	EndGlobalSection
	GlobalSection(SolutionProperties) = preSolution
		HideSolutionNode = FALSE
	EndGlobalSection
EndGlobal
